{
  "name": "page-builder",
  "version": "1.0.0",
  "lockfileVersion": 3,
  "requires": true,
  "packages": {
    "": {
      "name": "page-builder",
      "version": "1.0.0",
      "license": "ISC",
      "workspaces": [
        "packages/*"
      ],
      "dependencies": {
        "@ai-sdk/openai": "^2.0.0-alpha.15",
        "ai": "^5.0.0-alpha.15"
      }
    },
    "node_modules/@ai-sdk/gateway": {
      "version": "1.0.0-alpha.15",
      "resolved": "https://registry.npmjs.org/@ai-sdk/gateway/-/gateway-1.0.0-alpha.15.tgz",
      "integrity": "sha512-3j1wn7pZdXLKDwEwHJu1SIdj89Fv7qDy1jISLbog+soXz3BqHEViQCqZ62wOXGkcCMZ7QZFbcvoZ5jNaec0y3A==",
      "dependencies": {
        "@ai-sdk/provider": "2.0.0-alpha.15",
        "@ai-sdk/provider-utils": "3.0.0-alpha.15"
      },
      "engines": {
        "node": ">=18"
      },
      "peerDependencies": {
        "zod": "^3.25.49"
      }
    },
    "node_modules/@ai-sdk/openai": {
      "version": "2.0.0-alpha.15",
      "resolved": "https://registry.npmjs.org/@ai-sdk/openai/-/openai-2.0.0-alpha.15.tgz",
      "integrity": "sha512-AlJQ6kzS6ZM6O8yDjflRj7LcAwKVUm9I/4Zq9Bqtpg6zD7f8dVY2UaZXQCq6X+GbrJtCnJcxqdU9fOuP2Lj3jg==",
      "dependencies": {
        "@ai-sdk/provider": "2.0.0-alpha.15",
        "@ai-sdk/provider-utils": "3.0.0-alpha.15"
      },
      "engines": {
        "node": ">=18"
      },
      "peerDependencies": {
        "zod": "^3.25.49"
      }
    },
    "node_modules/@ai-sdk/provider": {
      "version": "2.0.0-alpha.15",
      "resolved": "https://registry.npmjs.org/@ai-sdk/provider/-/provider-2.0.0-alpha.15.tgz",
      "integrity": "sha512-LGy7lwIi2SiUojBl6cmnm+/QPOXbmPaegHeviEbrmN0yg/3EBGH5tzBXHgoGwpMUG5OfGFWj4kBRk1Z9VegLpg==",
      "dependencies": {
        "json-schema": "^0.4.0"
      },
      "engines": {
        "node": ">=18"
      }
    },
    "node_modules/@ai-sdk/provider-utils": {
      "version": "3.0.0-alpha.15",
      "resolved": "https://registry.npmjs.org/@ai-sdk/provider-utils/-/provider-utils-3.0.0-alpha.15.tgz",
      "integrity": "sha512-eYKNuMTtJ8/coTnCOBgZBuw20yzuc14idZuKmShLmfilIQP1fCeFfrItXDvOhJTmhDw9/RH+AYlhc9aaJUeQ6g==",
      "dependencies": {
        "@ai-sdk/provider": "2.0.0-alpha.15",
        "@standard-schema/spec": "^1.0.0",
        "eventsource-parser": "^3.0.2",
        "zod-to-json-schema": "^3.24.1"
      },
      "engines": {
        "node": ">=18"
      },
      "peerDependencies": {
        "zod": "^3.25.49"
      }
    },
    "node_modules/@opentelemetry/api": {
      "version": "1.9.0",
      "resolved": "https://registry.npmjs.org/@opentelemetry/api/-/api-1.9.0.tgz",
      "integrity": "sha512-3giAOQvZiH5F9bMlMiv8+GSPMeqg0dbaeo58/0SlA9sxSqZhnUtxzX9/2FzyhS9sWQf5S0GJE0AKBrFqjpeYcg==",
      "engines": {
        "node": ">=8.0.0"
      }
    },
    "node_modules/@page-builder/cli": {
      "resolved": "packages/cli",
      "link": true
    },
    "node_modules/@page-builder/core": {
      "resolved": "packages/core",
      "link": true
    },
    "node_modules/@standard-schema/spec": {
      "version": "1.0.0",
      "resolved": "https://registry.npmjs.org/@standard-schema/spec/-/spec-1.0.0.tgz",
      "integrity": "sha512-m2bOd0f2RT9k8QJx1JN85cZYyH1RqFBdlwtkSlf4tBDYLCiiZnv1fIIwacK6cqwXavOydf0NPToMQgpKq+dVlA=="
    },
    "node_modules/ai": {
      "version": "5.0.0-alpha.15",
      "resolved": "https://registry.npmjs.org/ai/-/ai-5.0.0-alpha.15.tgz",
      "integrity": "sha512-4i4HFwYY32LzTjy6eWZuFHv9jTwbK3UKC5MRXikR3KzeA9w4RuLdfCTXmCwfluWqGbOJ9bz2CsSPt6FN8S5qkg==",
      "dependencies": {
        "@ai-sdk/gateway": "1.0.0-alpha.15",
        "@ai-sdk/provider": "2.0.0-alpha.15",
        "@ai-sdk/provider-utils": "3.0.0-alpha.15",
        "@opentelemetry/api": "1.9.0"
      },
      "engines": {
        "node": ">=18"
      },
      "peerDependencies": {
        "zod": "^3.25.49"
      }
    },
    "node_modules/eventsource-parser": {
      "version": "3.0.2",
      "resolved": "https://registry.npmjs.org/eventsource-parser/-/eventsource-parser-3.0.2.tgz",
      "integrity": "sha512-6RxOBZ/cYgd8usLwsEl+EC09Au/9BcmCKYF2/xbml6DNczf7nv0MQb+7BA2F+li6//I+28VNlQR37XfQtcAJuA==",
      "engines": {
        "node": ">=18.0.0"
      }
    },
    "node_modules/json-schema": {
      "version": "0.4.0",
      "resolved": "https://registry.npmjs.org/json-schema/-/json-schema-0.4.0.tgz",
      "integrity": "sha512-es94M3nTIfsEPisRafak+HDLfHXnKBhV3vU5eqPcS3flIWqcxJWgXHXiey3YrpaNsanY5ei1VoYEbOzijuq9BA=="
    },
    "node_modules/zod": {
      "version": "3.25.67",
      "resolved": "https://registry.npmjs.org/zod/-/zod-3.25.67.tgz",
      "integrity": "sha512-idA2YXwpCdqUSKRCACDE6ItZD9TZzy3OZMtpfLoh6oPR47lipysRrJfjzMqFxQ3uJuUPyUeWe1r9vLH33xO/Qw==",
      "peer": true,
      "funding": {
        "url": "https://github.com/sponsors/colinhacks"
      }
    },
    "node_modules/zod-to-json-schema": {
      "version": "3.24.5",
      "resolved": "https://registry.npmjs.org/zod-to-json-schema/-/zod-to-json-schema-3.24.5.tgz",
      "integrity": "sha512-/AuWwMP+YqiPbsJx5D6TfgRTc4kTLjsh5SOcd4bLsfUg2RcEXrFMJl1DGgdHy2aCfsIA/cr/1JM0xcB2GZji8g==",
      "peerDependencies": {
        "zod": "^3.24.1"
      }
    },
    "packages/cli": {
      "name": "@page-builder/cli",
      "version": "1.0.0",
      "license": "ISC",
      "dependencies": {
        "@page-builder/core": "^1.0.0"
      }
    },
    "packages/core": {
      "name": "@page-builder/core",
      "version": "1.0.0",
      "license": "ISC",
      "dependencies": {
        "ai": "^5.0.0-alpha.15"
      }
    }
  }
}
